
Microsoft Visual Studio Solution File, Format Version 12.00
# Visual Studio Version 17
VisualStudioVersion = 17.3.32922.545
MinimumVisualStudioVersion = 10.0.40219.1
Project("{FAE04EC0-301F-11D3-BF4B-00C04F79EFBC}") = "Snake", "Snake.csproj", "{8FC59B8F-8D0E-4885-844F-4D3BF1F2771E}"
EndProject
Global
	GlobalSection(SolutionConfigurationPlatforms) = preSolution
		Debug|Any CPU = Debug|Any CPU
		Release|Any CPU = Release|Any CPU
	EndGlobalSection
	GlobalSection(ProjectConfigurationPlatforms) = postSolution
		{8FC59B8F-8D0E-4885-844F-4D3BF1F2771E}.Debug|Any CPU.ActiveCfg = Debug|Any CPU
		{8FC59B8F-8D0E-4885-844F-4D3BF1F2771E}.Debug|Any CPU.Build.0 = Debug|Any CPU
		{8FC59B8F-8D0E-4885-844F-4D3BF1F2771E}.Release|Any CPU.ActiveCfg = Release|Any CPU
		{8FC59B8F-8D0E-4885-844F-4D3BF1F2771E}.Release|Any CPU.Build.0 = Release|Any CPU
	EndGlobalSection
	GlobalSection(SolutionProperties) = preSolution
		HideSolutionNode = FALSE
	EndGlobalSection
	GlobalSection(ExtensibilityGlobals) = postSolution
		SolutionGuid = {0A2EA0EE-1F4A-4964-AC26-A5BD39055A75}
	EndGlobalSection
EndGlobal
